
Microsoft Visual Studio Solution File, Format Version 12.00
# Visual Studio 2017
Project("{FAE04EC0-301F-11D3-BF4B-00C04F79EFBC}") = "FlowField", "FlowField.csproj", "{8F951438-B35B-169A-9A7C-E8875CF08EDB}"
EndProject
Global
	GlobalSection(SolutionConfigurationPlatforms) = preSolution
		Debug|Any CPU = Debug|Any CPU
		Release|Any CPU = Release|Any CPU
	EndGlobalSection
	GlobalSection(ProjectConfigurationPlatforms) = postSolution
		{8F951438-B35B-169A-9A7C-E8875CF08EDB}.Debug|Any CPU.ActiveCfg = Debug|Any CPU
		{8F951438-B35B-169A-9A7C-E8875CF08EDB}.Debug|Any CPU.Build.0 = Debug|Any CPU
		{8F951438-B35B-169A-9A7C-E8875CF08EDB}.Release|Any CPU.ActiveCfg = Release|Any CPU
		{8F951438-B35B-169A-9A7C-E8875CF08EDB}.Release|Any CPU.Build.0 = Release|Any CPU
	EndGlobalSection
	GlobalSection(SolutionProperties) = preSolution
		HideSolutionNode = FALSE
	EndGlobalSection
EndGlobal
